
Microsoft Visual Studio Solution File, Format Version 12.00
# Visual Studio Version 16
VisualStudioVersion = 16.0.33423.256
MinimumVisualStudioVersion = 10.0.40219.1
Project("{FAE04EC0-301F-11D3-BF4B-00C04F79EFBC}") = "my-books", "my-books\my-books.csproj", "{D9F28AC9-692A-43AC-815D-E63BA4D7B8FB}"
EndProject
Global
	GlobalSection(SolutionConfigurationPlatforms) = preSolution
		Debug|Any CPU = Debug|Any CPU
		Release|Any CPU = Release|Any CPU
	EndGlobalSection
	GlobalSection(ProjectConfigurationPlatforms) = postSolution
		{D9F28AC9-692A-43AC-815D-E63BA4D7B8FB}.Debug|Any CPU.ActiveCfg = Debug|Any CPU
		{D9F28AC9-692A-43AC-815D-E63BA4D7B8FB}.Debug|Any CPU.Build.0 = Debug|Any CPU
		{D9F28AC9-692A-43AC-815D-E63BA4D7B8FB}.Release|Any CPU.ActiveCfg = Release|Any CPU
		{D9F28AC9-692A-43AC-815D-E63BA4D7B8FB}.Release|Any CPU.Build.0 = Release|Any CPU
	EndGlobalSection
	GlobalSection(SolutionProperties) = preSolution
		HideSolutionNode = FALSE
	EndGlobalSection
	GlobalSection(ExtensibilityGlobals) = postSolution
		SolutionGuid = {DB1F9B91-DFEA-4482-BF07-B621358D66D8}
	EndGlobalSection
EndGlobal
